# @generated by Move, please check-in and do not edit manually.

[move]
version = 3
manifest_digest = "E65684223FF3914F9AF3E706B3354B76FC8D32D19AF426FD417ACB2540B40360"
deps_digest = "F8BBB0CCB2491CA29A3DF03D6F92277A4F3574266507ACD77214D37ECA3F3082"
dependencies = [
  { id = "Sui", name = "Sui" },
]

[[move.package]]
id = "MoveStdlib"
source = { git = "https://github.com/MystenLabs/sui.git", rev = "testnet", subdir = "crates/sui-framework/packages/move-stdlib" }

[[move.package]]
id = "Sui"
source = { git = "https://github.com/MystenLabs/sui.git", rev = "testnet", subdir = "crates/sui-framework/packages/sui-framework" }

dependencies = [
  { id = "MoveStdlib", name = "MoveStdlib" },
]

[move.toolchain-version]
compiler-version = "1.59.0"
edition = "2024.beta"
flavor = "sui"

[env]

[env.testnet]
chain-id = "4c78adac"
original-published-id = "0x6e7f6ce880c4a4eeaafbfef95c53c3bc554071b113fe0c84f1e32f1ac646c970"
latest-published-id = "0x6e7f6ce880c4a4eeaafbfef95c53c3bc554071b113fe0c84f1e32f1ac646c970"
published-version = "1"
